// !$*UTF8*$!
{
	archiveVersion = 1;
	classes = {
	};
	objectVersion = 56;
	objects = {

/* Begin PBXBuildFile section */
		5618A1202B28688E00FC0892 /* LoginModule.docc in Sources */ = {isa = PBXBuildFile; fileRef = 5618A11F2B28688E00FC0892 /* LoginModule.docc */; };
		5618A1262B28688E00FC0892 /* LoginModule.framework in Frameworks */ = {isa = PBXBuildFile; fileRef = 5618A11B2B28688E00FC0892 /* LoginModule.framework */; };
		5618A12B2B28688E00FC0892 /* LoginModuleTests.swift in Sources */ = {isa = PBXBuildFile; fileRef = 5618A12A2B28688E00FC0892 /* LoginModuleTests.swift */; };
		5618A12C2B28688E00FC0892 /* LoginModule.h in Headers */ = {isa = PBXBuildFile; fileRef = 5618A11E2B28688E00FC0892 /* LoginModule.h */; settings = {ATTRIBUTES = (Public, ); }; };
		5618A1442B286C9F00FC0892 /* BaseViewModel.swift in Sources */ = {isa = PBXBuildFile; fileRef = 5618A1432B286C9F00FC0892 /* BaseViewModel.swift */; };
/* End PBXBuildFile section */

/* Begin PBXContainerItemProxy section */
		5618A1272B28688E00FC0892 /* PBXContainerItemProxy */ = {
			isa = PBXContainerItemProxy;
			containerPortal = 5618A1122B28688E00FC0892 /* Project object */;
			proxyType = 1;
			remoteGlobalIDString = 5618A11A2B28688E00FC0892;
			remoteInfo = LoginModule;
		};
/* End PBXContainerItemProxy section */

/* Begin PBXFileReference section */
		5618A11B2B28688E00FC0892 /* LoginModule.framework */ = {isa = PBXFileReference; explicitFileType = wrapper.framework; includeInIndex = 0; path = LoginModule.framework; sourceTree = BUILT_PRODUCTS_DIR; };
		5618A11E2B28688E00FC0892 /* LoginModule.h */ = {isa = PBXFileReference; lastKnownFileType = sourcecode.c.h; path = LoginModule.h; sourceTree = "<group>"; };
		5618A11F2B28688E00FC0892 /* LoginModule.docc */ = {isa = PBXFileReference; lastKnownFileType = folder.documentationcatalog; path = LoginModule.docc; sourceTree = "<group>"; };
		5618A1252B28688E00FC0892 /* LoginModuleTests.xctest */ = {isa = PBXFileReference; explicitFileType = wrapper.cfbundle; includeInIndex = 0; path = LoginModuleTests.xctest; sourceTree = BUILT_PRODUCTS_DIR; };
		5618A12A2B28688E00FC0892 /* LoginModuleTests.swift */ = {isa = PBXFileReference; lastKnownFileType = sourcecode.swift; path = LoginModuleTests.swift; sourceTree = "<group>"; };
		5618A1362B28690E00FC0892 /* Accelerate.framework */ = {isa = PBXFileReference; lastKnownFileType = wrapper.framework; name = Accelerate.framework; path = Platforms/MacOSX.platform/Developer/SDKs/MacOSX13.1.sdk/System/Library/Frameworks/Accelerate.framework; sourceTree = DEVELOPER_DIR; };
		5618A1432B286C9F00FC0892 /* BaseViewModel.swift */ = {isa = PBXFileReference; lastKnownFileType = sourcecode.swift; path = BaseViewModel.swift; sourceTree = "<group>"; };
/* End PBXFileReference section */

/* Begin PBXFrameworksBuildPhase section */
		5618A1182B28688E00FC0892 /* Frameworks */ = {
			isa = PBXFrameworksBuildPhase;
			buildActionMask = 2147483647;
			files = (
			);
			runOnlyForDeploymentPostprocessing = 0;
		};
		5618A1222B28688E00FC0892 /* Frameworks */ = {
			isa = PBXFrameworksBuildPhase;
			buildActionMask = 2147483647;
			files = (
				5618A1262B28688E00FC0892 /* LoginModule.framework in Frameworks */,
			);
			runOnlyForDeploymentPostprocessing = 0;
		};
/* End PBXFrameworksBuildPhase section */

/* Begin PBXGroup section */
		5618A1112B28688D00FC0892 = {
			isa = PBXGroup;
			children = (
				5618A11D2B28688E00FC0892 /* LoginModule */,
				5618A1292B28688E00FC0892 /* LoginModuleTests */,
				5618A11C2B28688E00FC0892 /* Products */,
				5618A1352B28690E00FC0892 /* Frameworks */,
			);
			sourceTree = "<group>";
		};
		5618A11C2B28688E00FC0892 /* Products */ = {
			isa = PBXGroup;
			children = (
				5618A11B2B28688E00FC0892 /* LoginModule.framework */,
				5618A1252B28688E00FC0892 /* LoginModuleTests.xctest */,
			);
			name = Products;
			sourceTree = "<group>";
		};
		5618A11D2B28688E00FC0892 /* LoginModule */ = {
			isa = PBXGroup;
			children = (
				5618A1422B286C8900FC0892 /* LoginBaseViewModel */,
				5618A1412B286C7300FC0892 /* Controllers */,
				5618A11E2B28688E00FC0892 /* LoginModule.h */,
				5618A11F2B28688E00FC0892 /* LoginModule.docc */,
			);
			path = LoginModule;
			sourceTree = "<group>";
		};
		5618A1292B28688E00FC0892 /* LoginModuleTests */ = {
			isa = PBXGroup;
			children = (
				5618A12A2B28688E00FC0892 /* LoginModuleTests.swift */,
			);
			path = LoginModuleTests;
			sourceTree = "<group>";
		};
		5618A1352B28690E00FC0892 /* Frameworks */ = {
			isa = PBXGroup;
			children = (
				5618A1362B28690E00FC0892 /* Accelerate.framework */,
			);
			name = Frameworks;
			sourceTree = "<group>";
		};
		5618A1412B286C7300FC0892 /* Controllers */ = {
			isa = PBXGroup;
			children = (
			);
			path = Controllers;
			sourceTree = "<group>";
		};
		5618A1422B286C8900FC0892 /* LoginBaseViewModel */ = {
			isa = PBXGroup;
			children = (
				5618A1432B286C9F00FC0892 /* BaseViewModel.swift */,
			);
			path = LoginBaseViewModel;
			sourceTree = "<group>";
		};
/* End PBXGroup section */

/* Begin PBXHeadersBuildPhase section */
		5618A1162B28688E00FC0892 /* Headers */ = {
			isa = PBXHeadersBuildPhase;
			buildActionMask = 2147483647;
			files = (
				5618A12C2B28688E00FC0892 /* LoginModule.h in Headers */,
			);
			runOnlyForDeploymentPostprocessing = 0;
		};
/* End PBXHeadersBuildPhase section */

/* Begin PBXNativeTarget section */
		5618A11A2B28688E00FC0892 /* LoginModule */ = {
			isa = PBXNativeTarget;
			buildConfigurationList = 5618A12F2B28688E00FC0892 /* Build configuration list for PBXNativeTarget "LoginModule" */;
			buildPhases = (
				5618A1162B28688E00FC0892 /* Headers */,
				5618A1172B28688E00FC0892 /* Sources */,
				5618A1182B28688E00FC0892 /* Frameworks */,
				5618A1192B28688E00FC0892 /* Resources */,
			);
			buildRules = (
			);
			dependencies = (
			);
			name = LoginModule;
			productName = LoginModule;
			productReference = 5618A11B2B28688E00FC0892 /* LoginModule.framework */;
			productType = "com.apple.product-type.framework";
		};
		5618A1242B28688E00FC0892 /* LoginModuleTests */ = {
			isa = PBXNativeTarget;
			buildConfigurationList = 5618A1322B28688E00FC0892 /* Build configuration list for PBXNativeTarget "LoginModuleTests" */;
			buildPhases = (
				5618A1212B28688E00FC0892 /* Sources */,
				5618A1222B28688E00FC0892 /* Frameworks */,
				5618A1232B28688E00FC0892 /* Resources */,
			);
			buildRules = (
			);
			dependencies = (
				5618A1282B28688E00FC0892 /* PBXTargetDependency */,
			);
			name = LoginModuleTests;
			productName = LoginModuleTests;
			productReference = 5618A1252B28688E00FC0892 /* LoginModuleTests.xctest */;
			productType = "com.apple.product-type.bundle.unit-test";
		};
/* End PBXNativeTarget section */

/* Begin PBXProject section */
		5618A1122B28688E00FC0892 /* Project object */ = {
			isa = PBXProject;
			attributes = {
				BuildIndependentTargetsInParallel = 1;
				LastSwiftUpdateCheck = 1420;
				LastUpgradeCheck = 1420;
				TargetAttributes = {
					5618A11A2B28688E00FC0892 = {
						CreatedOnToolsVersion = 14.2;
					};
					5618A1242B28688E00FC0892 = {
						CreatedOnToolsVersion = 14.2;
					};
				};
			};
			buildConfigurationList = 5618A1152B28688E00FC0892 /* Build configuration list for PBXProject "LoginModule" */;
			compatibilityVersion = "Xcode 14.0";
			developmentRegion = en;
			hasScannedForEncodings = 0;
			knownRegions = (
				en,
				Base,
			);
			mainGroup = 5618A1112B28688D00FC0892;
			productRefGroup = 5618A11C2B28688E00FC0892 /* Products */;
			projectDirPath = "";
			projectRoot = "";
			targets = (
				5618A11A2B28688E00FC0892 /* LoginModule */,
				5618A1242B28688E00FC0892 /* LoginModuleTests */,
			);
		};
/* End PBXProject section */

/* Begin PBXResourcesBuildPhase section */
		5618A1192B28688E00FC0892 /* Resources */ = {
			isa = PBXResourcesBuildPhase;
			buildActionMask = 2147483647;
			files = (
			);
			runOnlyForDeploymentPostprocessing = 0;
		};
		5618A1232B28688E00FC0892 /* Resources */ = {
			isa = PBXResourcesBuildPhase;
			buildActionMask = 2147483647;
			files = (
			);
			runOnlyForDeploymentPostprocessing = 0;
		};
/* End PBXResourcesBuildPhase section */

/* Begin PBXSourcesBuildPhase section */
		5618A1172B28688E00FC0892 /* Sources */ = {
			isa = PBXSourcesBuildPhase;
			buildActionMask = 2147483647;
			files = (
				5618A1202B28688E00FC0892 /* LoginModule.docc in Sources */,
				5618A1442B286C9F00FC0892 /* BaseViewModel.swift in Sources */,
			);
			runOnlyForDeploymentPostprocessing = 0;
		};
		5618A1212B28688E00FC0892 /* Sources */ = {
			isa = PBXSourcesBuildPhase;
			buildActionMask = 2147483647;
			files = (
				5618A12B2B28688E00FC0892 /* LoginModuleTests.swift in Sources */,
			);
			runOnlyForDeploymentPostprocessing = 0;
		};
/* End PBXSourcesBuildPhase section */

/* Begin PBXTargetDependency section */
		5618A1282B28688E00FC0892 /* PBXTargetDependency */ = {
			isa = PBXTargetDependency;
			target = 5618A11A2B28688E00FC0892 /* LoginModule */;
			targetProxy = 5618A1272B28688E00FC0892 /* PBXContainerItemProxy */;
		};
/* End PBXTargetDependency section */

/* Begin XCBuildConfiguration section */
		5618A12D2B28688E00FC0892 /* Debug */ = {
			isa = XCBuildConfiguration;
			buildSettings = {
				ALWAYS_SEARCH_USER_PATHS = NO;
				CLANG_ANALYZER_NONNULL = YES;
				CLANG_ANALYZER_NUMBER_OBJECT_CONVERSION = YES_AGGRESSIVE;
				CLANG_CXX_LANGUAGE_STANDARD = "gnu++20";
				CLANG_ENABLE_MODULES = YES;
				CLANG_ENABLE_OBJC_ARC = YES;
				CLANG_ENABLE_OBJC_WEAK = YES;
				CLANG_WARN_BLOCK_CAPTURE_AUTORELEASING = YES;
				CLANG_WARN_BOOL_CONVERSION = YES;
				CLANG_WARN_COMMA = YES;
				CLANG_WARN_CONSTANT_CONVERSION = YES;
				CLANG_WARN_DEPRECATED_OBJC_IMPLEMENTATIONS = YES;
				CLANG_WARN_DIRECT_OBJC_ISA_USAGE = YES_ERROR;
				CLANG_WARN_DOCUMENTATION_COMMENTS = YES;
				CLANG_WARN_EMPTY_BODY = YES;
				CLANG_WARN_ENUM_CONVERSION = YES;
				CLANG_WARN_INFINITE_RECURSION = YES;
				CLANG_WARN_INT_CONVERSION = YES;
				CLANG_WARN_NON_LITERAL_NULL_CONVERSION = YES;
				CLANG_WARN_OBJC_IMPLICIT_RETAIN_SELF = YES;
				CLANG_WARN_OBJC_LITERAL_CONVERSION = YES;
				CLANG_WARN_OBJC_ROOT_CLASS = YES_ERROR;
				CLANG_WARN_QUOTED_INCLUDE_IN_FRAMEWORK_HEADER = YES;
				CLANG_WARN_RANGE_LOOP_ANALYSIS = YES;
				CLANG_WARN_STRICT_PROTOTYPES = YES;
				CLANG_WARN_SUSPICIOUS_MOVE = YES;
				CLANG_WARN_UNGUARDED_AVAILABILITY = YES_AGGRESSIVE;
				CLANG_WARN_UNREACHABLE_CODE = YES;
				CLANG_WARN__DUPLICATE_METHOD_MATCH = YES;
				COPY_PHASE_STRIP = NO;
				CURRENT_PROJECT_VERSION = 1;
				DEBUG_INFORMATION_FORMAT = dwarf;
				ENABLE_STRICT_OBJC_MSGSEND = YES;
				ENABLE_TESTABILITY = YES;
				GCC_C_LANGUAGE_STANDARD = gnu11;
				GCC_DYNAMIC_NO_PIC = NO;
				GCC_NO_COMMON_BLOCKS = YES;
				GCC_OPTIMIZATION_LEVEL = 0;
				GCC_PREPROCESSOR_DEFINITIONS = (
					"DEBUG=1",
					"$(inherited)",
				);
				GCC_WARN_64_TO_32_BIT_CONVERSION = YES;
				GCC_WARN_ABOUT_RETURN_TYPE = YES_ERROR;
				GCC_WARN_UNDECLARED_SELECTOR = YES;
				GCC_WARN_UNINITIALIZED_AUTOS = YES_AGGRESSIVE;
				GCC_WARN_UNUSED_FUNCTION = YES;
				GCC_WARN_UNUSED_VARIABLE = YES;
				IPHONEOS_DEPLOYMENT_TARGET = 16.2;
				MTL_ENABLE_DEBUG_INFO = INCLUDE_SOURCE;
				MTL_FAST_MATH = YES;
				ONLY_ACTIVE_ARCH = YES;
				SDKROOT = iphoneos;
				SWIFT_ACTIVE_COMPILATION_CONDITIONS = DEBUG;
				SWIFT_OPTIMIZATION_LEVEL = "-Onone";
				VERSIONING_SYSTEM = "apple-generic";
				VERSION_INFO_PREFIX = "";
			};
			name = Debug;
		};
		5618A12E2B28688E00FC0892 /* Release */ = {
			isa = XCBuildConfiguration;
			buildSettings = {
				ALWAYS_SEARCH_USER_PATHS = NO;
				CLANG_ANALYZER_NONNULL = YES;
				CLANG_ANALYZER_NUMBER_OBJECT_CONVERSION = YES_AGGRESSIVE;
				CLANG_CXX_LANGUAGE_STANDARD = "gnu++20";
				CLANG_ENABLE_MODULES = YES;
				CLANG_ENABLE_OBJC_ARC = YES;
				CLANG_ENABLE_OBJC_WEAK = YES;
				CLANG_WARN_BLOCK_CAPTURE_AUTORELEASING = YES;
				CLANG_WARN_BOOL_CONVERSION = YES;
				CLANG_WARN_COMMA = YES;
				CLANG_WARN_CONSTANT_CONVERSION = YES;
				CLANG_WARN_DEPRECATED_OBJC_IMPLEMENTATIONS = YES;
				CLANG_WARN_DIRECT_OBJC_ISA_USAGE = YES_ERROR;
				CLANG_WARN_DOCUMENTATION_COMMENTS = YES;
				CLANG_WARN_EMPTY_BODY = YES;
				CLANG_WARN_ENUM_CONVERSION = YES;
				CLANG_WARN_INFINITE_RECURSION = YES;
				CLANG_WARN_INT_CONVERSION = YES;
				CLANG_WARN_NON_LITERAL_NULL_CONVERSION = YES;
				CLANG_WARN_OBJC_IMPLICIT_RETAIN_SELF = YES;
				CLANG_WARN_OBJC_LITERAL_CONVERSION = YES;
				CLANG_WARN_OBJC_ROOT_CLASS = YES_ERROR;
				CLANG_WARN_QUOTED_INCLUDE_IN_FRAMEWORK_HEADER = YES;
				CLANG_WARN_RANGE_LOOP_ANALYSIS = YES;
				CLANG_WARN_STRICT_PROTOTYPES = YES;
				CLANG_WARN_SUSPICIOUS_MOVE = YES;
				CLANG_WARN_UNGUARDED_AVAILABILITY = YES_AGGRESSIVE;
				CLANG_WARN_UNREACHABLE_CODE = YES;
				CLANG_WARN__DUPLICATE_METHOD_MATCH = YES;
				COPY_PHASE_STRIP = NO;
				CURRENT_PROJECT_VERSION = 1;
				DEBUG_INFORMATION_FORMAT = "dwarf-with-dsym";
				ENABLE_NS_ASSERTIONS = NO;
				ENABLE_STRICT_OBJC_MSGSEND = YES;
				GCC_C_LANGUAGE_STANDARD = gnu11;
				GCC_NO_COMMON_BLOCKS = YES;
				GCC_WARN_64_TO_32_BIT_CONVERSION = YES;
				GCC_WARN_ABOUT_RETURN_TYPE = YES_ERROR;
				GCC_WARN_UNDECLARED_SELECTOR = YES;
				GCC_WARN_UNINITIALIZED_AUTOS = YES_AGGRESSIVE;
				GCC_WARN_UNUSED_FUNCTION = YES;
				GCC_WARN_UNUSED_VARIABLE = YES;
				IPHONEOS_DEPLOYMENT_TARGET = 16.2;
				MTL_ENABLE_DEBUG_INFO = NO;
				MTL_FAST_MATH = YES;
				SDKROOT = iphoneos;
				SWIFT_COMPILATION_MODE = wholemodule;
				SWIFT_OPTIMIZATION_LEVEL = "-O";
				VALIDATE_PRODUCT = YES;
				VERSIONING_SYSTEM = "apple-generic";
				VERSION_INFO_PREFIX = "";
			};
			name = Release;
		};
		5618A1302B28688E00FC0892 /* Debug */ = {
			isa = XCBuildConfiguration;
			buildSettings = {
				CODE_SIGN_STYLE = Automatic;
				CURRENT_PROJECT_VERSION = 1;
				DEFINES_MODULE = YES;
				DYLIB_COMPATIBILITY_VERSION = 1;
				DYLIB_CURRENT_VERSION = 1;
				DYLIB_INSTALL_NAME_BASE = "@rpath";
				GENERATE_INFOPLIST_FILE = YES;
				INFOPLIST_KEY_NSHumanReadableCopyright = "";
				INSTALL_PATH = "$(LOCAL_LIBRARY_DIR)/Frameworks";
				LD_RUNPATH_SEARCH_PATHS = (
					"$(inherited)",
					"@executable_path/Frameworks",
					"@loader_path/Frameworks",
				);
				MARKETING_VERSION = 1.0;
				PRODUCT_BUNDLE_IDENTIFIER = com.encryption.login.LoginModule;
				PRODUCT_NAME = "$(TARGET_NAME:c99extidentifier)";
				SKIP_INSTALL = YES;
				SWIFT_EMIT_LOC_STRINGS = YES;
				SWIFT_VERSION = 5.0;
				TARGETED_DEVICE_FAMILY = "1,2";
			};
			name = Debug;
		};
		5618A1312B28688E00FC0892 /* Release */ = {
			isa = XCBuildConfiguration;
			buildSettings = {
				CODE_SIGN_STYLE = Automatic;
				CURRENT_PROJECT_VERSION = 1;
				DEFINES_MODULE = YES;
				DYLIB_COMPATIBILITY_VERSION = 1;
				DYLIB_CURRENT_VERSION = 1;
				DYLIB_INSTALL_NAME_BASE = "@rpath";
				GENERATE_INFOPLIST_FILE = YES;
				INFOPLIST_KEY_NSHumanReadableCopyright = "";
				INSTALL_PATH = "$(LOCAL_LIBRARY_DIR)/Frameworks";
				LD_RUNPATH_SEARCH_PATHS = (
					"$(inherited)",
					"@executable_path/Frameworks",
					"@loader_path/Frameworks",
				);
				MARKETING_VERSION = 1.0;
				PRODUCT_BUNDLE_IDENTIFIER = com.encryption.login.LoginModule;
				PRODUCT_NAME = "$(TARGET_NAME:c99extidentifier)";
				SKIP_INSTALL = YES;
				SWIFT_EMIT_LOC_STRINGS = YES;
				SWIFT_VERSION = 5.0;
				TARGETED_DEVICE_FAMILY = "1,2";
			};
			name = Release;
		};
		5618A1332B28688E00FC0892 /* Debug */ = {
			isa = XCBuildConfiguration;
			buildSettings = {
				ALWAYS_EMBED_SWIFT_STANDARD_LIBRARIES = YES;
				CODE_SIGN_STYLE = Automatic;
				CURRENT_PROJECT_VERSION = 1;
				GENERATE_INFOPLIST_FILE = YES;
				MARKETING_VERSION = 1.0;
				PRODUCT_BUNDLE_IDENTIFIER = com.encryption.login.LoginModuleTests;
				PRODUCT_NAME = "$(TARGET_NAME)";
				SWIFT_EMIT_LOC_STRINGS = NO;
				SWIFT_VERSION = 5.0;
				TARGETED_DEVICE_FAMILY = "1,2";
			};
			name = Debug;
		};
		5618A1342B28688E00FC0892 /* Release */ = {
			isa = XCBuildConfiguration;
			buildSettings = {
				ALWAYS_EMBED_SWIFT_STANDARD_LIBRARIES = YES;
				CODE_SIGN_STYLE = Automatic;
				CURRENT_PROJECT_VERSION = 1;
				GENERATE_INFOPLIST_FILE = YES;
				MARKETING_VERSION = 1.0;
				PRODUCT_BUNDLE_IDENTIFIER = com.encryption.login.LoginModuleTests;
				PRODUCT_NAME = "$(TARGET_NAME)";
				SWIFT_EMIT_LOC_STRINGS = NO;
				SWIFT_VERSION = 5.0;
				TARGETED_DEVICE_FAMILY = "1,2";
			};
			name = Release;
		};
/* End XCBuildConfiguration section */

/* Begin XCConfigurationList section */
		5618A1152B28688E00FC0892 /* Build configuration list for PBXProject "LoginModule" */ = {
			isa = XCConfigurationList;
			buildConfigurations = (
				5618A12D2B28688E00FC0892 /* Debug */,
				5618A12E2B28688E00FC0892 /* Release */,
			);
			defaultConfigurationIsVisible = 0;
			defaultConfigurationName = Release;
		};
		5618A12F2B28688E00FC0892 /* Build configuration list for PBXNativeTarget "LoginModule" */ = {
			isa = XCConfigurationList;
			buildConfigurations = (
				5618A1302B28688E00FC0892 /* Debug */,
				5618A1312B28688E00FC0892 /* Release */,
			);
			defaultConfigurationIsVisible = 0;
			defaultConfigurationName = Release;
		};
		5618A1322B28688E00FC0892 /* Build configuration list for PBXNativeTarget "LoginModuleTests" */ = {
			isa = XCConfigurationList;
			buildConfigurations = (
				5618A1332B28688E00FC0892 /* Debug */,
				5618A1342B28688E00FC0892 /* Release */,
			);
			defaultConfigurationIsVisible = 0;
			defaultConfigurationName = Release;
		};
/* End XCConfigurationList section */
	};
	rootObject = 5618A1122B28688E00FC0892 /* Project object */;
}
