// !$*UTF8*$!
{
	archiveVersion = 1;
	classes = {
	};
	objectVersion = 56;
	objects = {

/* Begin PBXBuildFile section */
		5618A1102B2772FD00FC0892 /* Utility.swift in Sources */ = {isa = PBXBuildFile; fileRef = 5618A10F2B2772FD00FC0892 /* Utility.swift */; };
		5618A13B2B286AD800FC0892 /* LoginModule.framework in Frameworks */ = {isa = PBXBuildFile; fileRef = 5618A1392B286A3000FC0892 /* LoginModule.framework */; };
		5618A13C2B286AD800FC0892 /* LoginModule.framework in Embed Frameworks */ = {isa = PBXBuildFile; fileRef = 5618A1392B286A3000FC0892 /* LoginModule.framework */; settings = {ATTRIBUTES = (CodeSignOnCopy, RemoveHeadersOnCopy, ); }; };
		5618A1402B286B9E00FC0892 /* LoginComposer.swift in Sources */ = {isa = PBXBuildFile; fileRef = 5618A13F2B286B9E00FC0892 /* LoginComposer.swift */; };
		565CED1B2B29B40D00563BD4 /* SwifyText.swift in Sources */ = {isa = PBXBuildFile; fileRef = 565CED1A2B29B40D00563BD4 /* SwifyText.swift */; };
		56F2AE832B232FDC00A3298E /* AppDelegate.swift in Sources */ = {isa = PBXBuildFile; fileRef = 56F2AE822B232FDC00A3298E /* AppDelegate.swift */; };
		56F2AE852B232FDC00A3298E /* SceneDelegate.swift in Sources */ = {isa = PBXBuildFile; fileRef = 56F2AE842B232FDC00A3298E /* SceneDelegate.swift */; };
		56F2AE872B232FDC00A3298E /* ViewController.swift in Sources */ = {isa = PBXBuildFile; fileRef = 56F2AE862B232FDC00A3298E /* ViewController.swift */; };
		56F2AE8A2B232FDC00A3298E /* Main.storyboard in Resources */ = {isa = PBXBuildFile; fileRef = 56F2AE882B232FDC00A3298E /* Main.storyboard */; };
		56F2AE8C2B232FDC00A3298E /* Assets.xcassets in Resources */ = {isa = PBXBuildFile; fileRef = 56F2AE8B2B232FDC00A3298E /* Assets.xcassets */; };
		56F2AE8F2B232FDC00A3298E /* LaunchScreen.storyboard in Resources */ = {isa = PBXBuildFile; fileRef = 56F2AE8D2B232FDC00A3298E /* LaunchScreen.storyboard */; };
		56F2AE9A2B232FDD00A3298E /* LoginEncryptionTests.swift in Sources */ = {isa = PBXBuildFile; fileRef = 56F2AE992B232FDD00A3298E /* LoginEncryptionTests.swift */; };
		56F2AEA42B232FDD00A3298E /* LoginEncryptionUITests.swift in Sources */ = {isa = PBXBuildFile; fileRef = 56F2AEA32B232FDD00A3298E /* LoginEncryptionUITests.swift */; };
		56F2AEA62B232FDD00A3298E /* LoginEncryptionUITestsLaunchTests.swift in Sources */ = {isa = PBXBuildFile; fileRef = 56F2AEA52B232FDD00A3298E /* LoginEncryptionUITestsLaunchTests.swift */; };
		8CEDAB55C8C8A577332CFEA4 /* Pods_LoginEncryption.framework in Frameworks */ = {isa = PBXBuildFile; fileRef = 93CE6CB327FC92560ECE7BAD /* Pods_LoginEncryption.framework */; };
		969512E12655E6D464F04205 /* Pods_LoginEncryption_LoginEncryptionUITests.framework in Frameworks */ = {isa = PBXBuildFile; fileRef = AF595DEEF22B035160104111 /* Pods_LoginEncryption_LoginEncryptionUITests.framework */; };
		F331642A175C7AA589264B46 /* Pods_LoginEncryptionTests.framework in Frameworks */ = {isa = PBXBuildFile; fileRef = 97F33FBC8D380FB5C900D551 /* Pods_LoginEncryptionTests.framework */; };
/* End PBXBuildFile section */

/* Begin PBXContainerItemProxy section */
		56F2AE962B232FDD00A3298E /* PBXContainerItemProxy */ = {
			isa = PBXContainerItemProxy;
			containerPortal = 56F2AE772B232FDC00A3298E /* Project object */;
			proxyType = 1;
			remoteGlobalIDString = 56F2AE7E2B232FDC00A3298E;
			remoteInfo = LoginEncryption;
		};
		56F2AEA02B232FDD00A3298E /* PBXContainerItemProxy */ = {
			isa = PBXContainerItemProxy;
			containerPortal = 56F2AE772B232FDC00A3298E /* Project object */;
			proxyType = 1;
			remoteGlobalIDString = 56F2AE7E2B232FDC00A3298E;
			remoteInfo = LoginEncryption;
		};
/* End PBXContainerItemProxy section */

/* Begin PBXCopyFilesBuildPhase section */
		5618A13D2B286AD800FC0892 /* Embed Frameworks */ = {
			isa = PBXCopyFilesBuildPhase;
			buildActionMask = 2147483647;
			dstPath = "";
			dstSubfolderSpec = 10;
			files = (
				5618A13C2B286AD800FC0892 /* LoginModule.framework in Embed Frameworks */,
			);
			name = "Embed Frameworks";
			runOnlyForDeploymentPostprocessing = 0;
		};
/* End PBXCopyFilesBuildPhase section */

/* Begin PBXFileReference section */
		5618A10F2B2772FD00FC0892 /* Utility.swift */ = {isa = PBXFileReference; lastKnownFileType = sourcecode.swift; path = Utility.swift; sourceTree = "<group>"; };
		5618A1392B286A3000FC0892 /* LoginModule.framework */ = {isa = PBXFileReference; lastKnownFileType = wrapper.framework; path = LoginModule.framework; sourceTree = "<group>"; };
		5618A13F2B286B9E00FC0892 /* LoginComposer.swift */ = {isa = PBXFileReference; lastKnownFileType = sourcecode.swift; path = LoginComposer.swift; sourceTree = "<group>"; };
		565CED1A2B29B40D00563BD4 /* SwifyText.swift */ = {isa = PBXFileReference; lastKnownFileType = sourcecode.swift; path = SwifyText.swift; sourceTree = "<group>"; };
		56F2AE7F2B232FDC00A3298E /* LoginEncryption.app */ = {isa = PBXFileReference; explicitFileType = wrapper.application; includeInIndex = 0; path = LoginEncryption.app; sourceTree = BUILT_PRODUCTS_DIR; };
		56F2AE822B232FDC00A3298E /* AppDelegate.swift */ = {isa = PBXFileReference; lastKnownFileType = sourcecode.swift; path = AppDelegate.swift; sourceTree = "<group>"; };
		56F2AE842B232FDC00A3298E /* SceneDelegate.swift */ = {isa = PBXFileReference; lastKnownFileType = sourcecode.swift; path = SceneDelegate.swift; sourceTree = "<group>"; };
		56F2AE862B232FDC00A3298E /* ViewController.swift */ = {isa = PBXFileReference; lastKnownFileType = sourcecode.swift; path = ViewController.swift; sourceTree = "<group>"; };
		56F2AE892B232FDC00A3298E /* Base */ = {isa = PBXFileReference; lastKnownFileType = file.storyboard; name = Base; path = Base.lproj/Main.storyboard; sourceTree = "<group>"; };
		56F2AE8B2B232FDC00A3298E /* Assets.xcassets */ = {isa = PBXFileReference; lastKnownFileType = folder.assetcatalog; path = Assets.xcassets; sourceTree = "<group>"; };
		56F2AE8E2B232FDC00A3298E /* Base */ = {isa = PBXFileReference; lastKnownFileType = file.storyboard; name = Base; path = Base.lproj/LaunchScreen.storyboard; sourceTree = "<group>"; };
		56F2AE902B232FDC00A3298E /* Info.plist */ = {isa = PBXFileReference; lastKnownFileType = text.plist.xml; path = Info.plist; sourceTree = "<group>"; };
		56F2AE952B232FDD00A3298E /* LoginEncryptionTests.xctest */ = {isa = PBXFileReference; explicitFileType = wrapper.cfbundle; includeInIndex = 0; path = LoginEncryptionTests.xctest; sourceTree = BUILT_PRODUCTS_DIR; };
		56F2AE992B232FDD00A3298E /* LoginEncryptionTests.swift */ = {isa = PBXFileReference; lastKnownFileType = sourcecode.swift; path = LoginEncryptionTests.swift; sourceTree = "<group>"; };
		56F2AE9F2B232FDD00A3298E /* LoginEncryptionUITests.xctest */ = {isa = PBXFileReference; explicitFileType = wrapper.cfbundle; includeInIndex = 0; path = LoginEncryptionUITests.xctest; sourceTree = BUILT_PRODUCTS_DIR; };
		56F2AEA32B232FDD00A3298E /* LoginEncryptionUITests.swift */ = {isa = PBXFileReference; lastKnownFileType = sourcecode.swift; path = LoginEncryptionUITests.swift; sourceTree = "<group>"; };
		56F2AEA52B232FDD00A3298E /* LoginEncryptionUITestsLaunchTests.swift */ = {isa = PBXFileReference; lastKnownFileType = sourcecode.swift; path = LoginEncryptionUITestsLaunchTests.swift; sourceTree = "<group>"; };
		93CE6CB327FC92560ECE7BAD /* Pods_LoginEncryption.framework */ = {isa = PBXFileReference; explicitFileType = wrapper.framework; includeInIndex = 0; path = Pods_LoginEncryption.framework; sourceTree = BUILT_PRODUCTS_DIR; };
		97F33FBC8D380FB5C900D551 /* Pods_LoginEncryptionTests.framework */ = {isa = PBXFileReference; explicitFileType = wrapper.framework; includeInIndex = 0; path = Pods_LoginEncryptionTests.framework; sourceTree = BUILT_PRODUCTS_DIR; };
		9D96AB26813F10816E4253DD /* Pods-LoginEncryption-LoginEncryptionUITests.debug.xcconfig */ = {isa = PBXFileReference; includeInIndex = 1; lastKnownFileType = text.xcconfig; name = "Pods-LoginEncryption-LoginEncryptionUITests.debug.xcconfig"; path = "Target Support Files/Pods-LoginEncryption-LoginEncryptionUITests/Pods-LoginEncryption-LoginEncryptionUITests.debug.xcconfig"; sourceTree = "<group>"; };
		9EDD58B115FAE90314D6CC12 /* Pods-LoginEncryption.debug.xcconfig */ = {isa = PBXFileReference; includeInIndex = 1; lastKnownFileType = text.xcconfig; name = "Pods-LoginEncryption.debug.xcconfig"; path = "Target Support Files/Pods-LoginEncryption/Pods-LoginEncryption.debug.xcconfig"; sourceTree = "<group>"; };
		A2A6C1DFB9D23F0F6555C4A7 /* Pods-LoginEncryptionTests.release.xcconfig */ = {isa = PBXFileReference; includeInIndex = 1; lastKnownFileType = text.xcconfig; name = "Pods-LoginEncryptionTests.release.xcconfig"; path = "Target Support Files/Pods-LoginEncryptionTests/Pods-LoginEncryptionTests.release.xcconfig"; sourceTree = "<group>"; };
		A790D28789608A02F07419EC /* Pods-LoginEncryption-LoginEncryptionUITests.release.xcconfig */ = {isa = PBXFileReference; includeInIndex = 1; lastKnownFileType = text.xcconfig; name = "Pods-LoginEncryption-LoginEncryptionUITests.release.xcconfig"; path = "Target Support Files/Pods-LoginEncryption-LoginEncryptionUITests/Pods-LoginEncryption-LoginEncryptionUITests.release.xcconfig"; sourceTree = "<group>"; };
		AF595DEEF22B035160104111 /* Pods_LoginEncryption_LoginEncryptionUITests.framework */ = {isa = PBXFileReference; explicitFileType = wrapper.framework; includeInIndex = 0; path = Pods_LoginEncryption_LoginEncryptionUITests.framework; sourceTree = BUILT_PRODUCTS_DIR; };
		DB9D93B6378F25AC7E0CA718 /* Pods-LoginEncryptionTests.debug.xcconfig */ = {isa = PBXFileReference; includeInIndex = 1; lastKnownFileType = text.xcconfig; name = "Pods-LoginEncryptionTests.debug.xcconfig"; path = "Target Support Files/Pods-LoginEncryptionTests/Pods-LoginEncryptionTests.debug.xcconfig"; sourceTree = "<group>"; };
		E2E4EF00BC69865F35AE9E27 /* Pods-LoginEncryption.release.xcconfig */ = {isa = PBXFileReference; includeInIndex = 1; lastKnownFileType = text.xcconfig; name = "Pods-LoginEncryption.release.xcconfig"; path = "Target Support Files/Pods-LoginEncryption/Pods-LoginEncryption.release.xcconfig"; sourceTree = "<group>"; };
/* End PBXFileReference section */

/* Begin PBXFrameworksBuildPhase section */
		56F2AE7C2B232FDC00A3298E /* Frameworks */ = {
			isa = PBXFrameworksBuildPhase;
			buildActionMask = 2147483647;
			files = (
				5618A13B2B286AD800FC0892 /* LoginModule.framework in Frameworks */,
				8CEDAB55C8C8A577332CFEA4 /* Pods_LoginEncryption.framework in Frameworks */,
			);
			runOnlyForDeploymentPostprocessing = 0;
		};
		56F2AE922B232FDD00A3298E /* Frameworks */ = {
			isa = PBXFrameworksBuildPhase;
			buildActionMask = 2147483647;
			files = (
				F331642A175C7AA589264B46 /* Pods_LoginEncryptionTests.framework in Frameworks */,
			);
			runOnlyForDeploymentPostprocessing = 0;
		};
		56F2AE9C2B232FDD00A3298E /* Frameworks */ = {
			isa = PBXFrameworksBuildPhase;
			buildActionMask = 2147483647;
			files = (
				969512E12655E6D464F04205 /* Pods_LoginEncryption_LoginEncryptionUITests.framework in Frameworks */,
			);
			runOnlyForDeploymentPostprocessing = 0;
		};
/* End PBXFrameworksBuildPhase section */

/* Begin PBXGroup section */
		5618A13E2B286B9400FC0892 /* Composer */ = {
			isa = PBXGroup;
			children = (
				5618A13F2B286B9E00FC0892 /* LoginComposer.swift */,
			);
			path = Composer;
			sourceTree = "<group>";
		};
		56F2AE762B232FDC00A3298E = {
			isa = PBXGroup;
			children = (
				56F2AE812B232FDC00A3298E /* LoginEncryption */,
				56F2AE982B232FDD00A3298E /* LoginEncryptionTests */,
				56F2AEA22B232FDD00A3298E /* LoginEncryptionUITests */,
				56F2AE802B232FDC00A3298E /* Products */,
				C0CED219CB7A6CB6EDBFA2E0 /* Pods */,
				6BD2C893A64B022900D8846B /* Frameworks */,
			);
			sourceTree = "<group>";
		};
		56F2AE802B232FDC00A3298E /* Products */ = {
			isa = PBXGroup;
			children = (
				56F2AE7F2B232FDC00A3298E /* LoginEncryption.app */,
				56F2AE952B232FDD00A3298E /* LoginEncryptionTests.xctest */,
				56F2AE9F2B232FDD00A3298E /* LoginEncryptionUITests.xctest */,
			);
			name = Products;
			sourceTree = "<group>";
		};
		56F2AE812B232FDC00A3298E /* LoginEncryption */ = {
			isa = PBXGroup;
			children = (
				5618A13E2B286B9400FC0892 /* Composer */,
				56F2AE822B232FDC00A3298E /* AppDelegate.swift */,
				56F2AE842B232FDC00A3298E /* SceneDelegate.swift */,
				5618A10F2B2772FD00FC0892 /* Utility.swift */,
				56F2AE862B232FDC00A3298E /* ViewController.swift */,
				56F2AE882B232FDC00A3298E /* Main.storyboard */,
				56F2AE8B2B232FDC00A3298E /* Assets.xcassets */,
				56F2AE8D2B232FDC00A3298E /* LaunchScreen.storyboard */,
				56F2AE902B232FDC00A3298E /* Info.plist */,
				565CED1A2B29B40D00563BD4 /* SwifyText.swift */,
			);
			path = LoginEncryption;
			sourceTree = "<group>";
		};
		56F2AE982B232FDD00A3298E /* LoginEncryptionTests */ = {
			isa = PBXGroup;
			children = (
				56F2AE992B232FDD00A3298E /* LoginEncryptionTests.swift */,
			);
			path = LoginEncryptionTests;
			sourceTree = "<group>";
		};
		56F2AEA22B232FDD00A3298E /* LoginEncryptionUITests */ = {
			isa = PBXGroup;
			children = (
				56F2AEA32B232FDD00A3298E /* LoginEncryptionUITests.swift */,
				56F2AEA52B232FDD00A3298E /* LoginEncryptionUITestsLaunchTests.swift */,
			);
			path = LoginEncryptionUITests;
			sourceTree = "<group>";
		};
		6BD2C893A64B022900D8846B /* Frameworks */ = {
			isa = PBXGroup;
			children = (
				5618A1392B286A3000FC0892 /* LoginModule.framework */,
				93CE6CB327FC92560ECE7BAD /* Pods_LoginEncryption.framework */,
				AF595DEEF22B035160104111 /* Pods_LoginEncryption_LoginEncryptionUITests.framework */,
				97F33FBC8D380FB5C900D551 /* Pods_LoginEncryptionTests.framework */,
			);
			name = Frameworks;
			sourceTree = "<group>";
		};
		C0CED219CB7A6CB6EDBFA2E0 /* Pods */ = {
			isa = PBXGroup;
			children = (
				9EDD58B115FAE90314D6CC12 /* Pods-LoginEncryption.debug.xcconfig */,
				E2E4EF00BC69865F35AE9E27 /* Pods-LoginEncryption.release.xcconfig */,
				9D96AB26813F10816E4253DD /* Pods-LoginEncryption-LoginEncryptionUITests.debug.xcconfig */,
				A790D28789608A02F07419EC /* Pods-LoginEncryption-LoginEncryptionUITests.release.xcconfig */,
				DB9D93B6378F25AC7E0CA718 /* Pods-LoginEncryptionTests.debug.xcconfig */,
				A2A6C1DFB9D23F0F6555C4A7 /* Pods-LoginEncryptionTests.release.xcconfig */,
			);
			path = Pods;
			sourceTree = "<group>";
		};
/* End PBXGroup section */

/* Begin PBXNativeTarget section */
		56F2AE7E2B232FDC00A3298E /* LoginEncryption */ = {
			isa = PBXNativeTarget;
			buildConfigurationList = 56F2AEA92B232FDD00A3298E /* Build configuration list for PBXNativeTarget "LoginEncryption" */;
			buildPhases = (
				F5C71AC63C936B3307409B94 /* [CP] Check Pods Manifest.lock */,
				56F2AE7B2B232FDC00A3298E /* Sources */,
				56F2AE7C2B232FDC00A3298E /* Frameworks */,
				56F2AE7D2B232FDC00A3298E /* Resources */,
				F1B8375DC9BC35E2B3970124 /* [CP] Embed Pods Frameworks */,
				5618A13D2B286AD800FC0892 /* Embed Frameworks */,
			);
			buildRules = (
			);
			dependencies = (
			);
			name = LoginEncryption;
			productName = LoginEncryption;
			productReference = 56F2AE7F2B232FDC00A3298E /* LoginEncryption.app */;
			productType = "com.apple.product-type.application";
		};
		56F2AE942B232FDD00A3298E /* LoginEncryptionTests */ = {
			isa = PBXNativeTarget;
			buildConfigurationList = 56F2AEAC2B232FDD00A3298E /* Build configuration list for PBXNativeTarget "LoginEncryptionTests" */;
			buildPhases = (
				0D10C86B3698C9E2F79EF79B /* [CP] Check Pods Manifest.lock */,
				56F2AE912B232FDD00A3298E /* Sources */,
				56F2AE922B232FDD00A3298E /* Frameworks */,
				56F2AE932B232FDD00A3298E /* Resources */,
			);
			buildRules = (
			);
			dependencies = (
				56F2AE972B232FDD00A3298E /* PBXTargetDependency */,
			);
			name = LoginEncryptionTests;
			productName = LoginEncryptionTests;
			productReference = 56F2AE952B232FDD00A3298E /* LoginEncryptionTests.xctest */;
			productType = "com.apple.product-type.bundle.unit-test";
		};
		56F2AE9E2B232FDD00A3298E /* LoginEncryptionUITests */ = {
			isa = PBXNativeTarget;
			buildConfigurationList = 56F2AEAF2B232FDD00A3298E /* Build configuration list for PBXNativeTarget "LoginEncryptionUITests" */;
			buildPhases = (
				24560C2A828EA0A156C9FC48 /* [CP] Check Pods Manifest.lock */,
				56F2AE9B2B232FDD00A3298E /* Sources */,
				56F2AE9C2B232FDD00A3298E /* Frameworks */,
				56F2AE9D2B232FDD00A3298E /* Resources */,
				7EF5F7BF379CEDAAF7B128FD /* [CP] Embed Pods Frameworks */,
			);
			buildRules = (
			);
			dependencies = (
				56F2AEA12B232FDD00A3298E /* PBXTargetDependency */,
			);
			name = LoginEncryptionUITests;
			productName = LoginEncryptionUITests;
			productReference = 56F2AE9F2B232FDD00A3298E /* LoginEncryptionUITests.xctest */;
			productType = "com.apple.product-type.bundle.ui-testing";
		};
/* End PBXNativeTarget section */

/* Begin PBXProject section */
		56F2AE772B232FDC00A3298E /* Project object */ = {
			isa = PBXProject;
			attributes = {
				BuildIndependentTargetsInParallel = 1;
				LastSwiftUpdateCheck = 1420;
				LastUpgradeCheck = 1420;
				TargetAttributes = {
					56F2AE7E2B232FDC00A3298E = {
						CreatedOnToolsVersion = 14.2;
					};
					56F2AE942B232FDD00A3298E = {
						CreatedOnToolsVersion = 14.2;
						TestTargetID = 56F2AE7E2B232FDC00A3298E;
					};
					56F2AE9E2B232FDD00A3298E = {
						CreatedOnToolsVersion = 14.2;
						TestTargetID = 56F2AE7E2B232FDC00A3298E;
					};
				};
			};
			buildConfigurationList = 56F2AE7A2B232FDC00A3298E /* Build configuration list for PBXProject "LoginEncryption" */;
			compatibilityVersion = "Xcode 14.0";
			developmentRegion = en;
			hasScannedForEncodings = 0;
			knownRegions = (
				en,
				Base,
			);
			mainGroup = 56F2AE762B232FDC00A3298E;
			productRefGroup = 56F2AE802B232FDC00A3298E /* Products */;
			projectDirPath = "";
			projectRoot = "";
			targets = (
				56F2AE7E2B232FDC00A3298E /* LoginEncryption */,
				56F2AE942B232FDD00A3298E /* LoginEncryptionTests */,
				56F2AE9E2B232FDD00A3298E /* LoginEncryptionUITests */,
			);
		};
/* End PBXProject section */

/* Begin PBXResourcesBuildPhase section */
		56F2AE7D2B232FDC00A3298E /* Resources */ = {
			isa = PBXResourcesBuildPhase;
			buildActionMask = 2147483647;
			files = (
				56F2AE8F2B232FDC00A3298E /* LaunchScreen.storyboard in Resources */,
				56F2AE8C2B232FDC00A3298E /* Assets.xcassets in Resources */,
				56F2AE8A2B232FDC00A3298E /* Main.storyboard in Resources */,
			);
			runOnlyForDeploymentPostprocessing = 0;
		};
		56F2AE932B232FDD00A3298E /* Resources */ = {
			isa = PBXResourcesBuildPhase;
			buildActionMask = 2147483647;
			files = (
			);
			runOnlyForDeploymentPostprocessing = 0;
		};
		56F2AE9D2B232FDD00A3298E /* Resources */ = {
			isa = PBXResourcesBuildPhase;
			buildActionMask = 2147483647;
			files = (
			);
			runOnlyForDeploymentPostprocessing = 0;
		};
/* End PBXResourcesBuildPhase section */

/* Begin PBXShellScriptBuildPhase section */
		0D10C86B3698C9E2F79EF79B /* [CP] Check Pods Manifest.lock */ = {
			isa = PBXShellScriptBuildPhase;
			buildActionMask = 2147483647;
			files = (
			);
			inputFileListPaths = (
			);
			inputPaths = (
				"${PODS_PODFILE_DIR_PATH}/Podfile.lock",
				"${PODS_ROOT}/Manifest.lock",
			);
			name = "[CP] Check Pods Manifest.lock";
			outputFileListPaths = (
			);
			outputPaths = (
				"$(DERIVED_FILE_DIR)/Pods-LoginEncryptionTests-checkManifestLockResult.txt",
			);
			runOnlyForDeploymentPostprocessing = 0;
			shellPath = /bin/sh;
			shellScript = "diff \"${PODS_PODFILE_DIR_PATH}/Podfile.lock\" \"${PODS_ROOT}/Manifest.lock\" > /dev/null\nif [ $? != 0 ] ; then\n    # print error to STDERR\n    echo \"error: The sandbox is not in sync with the Podfile.lock. Run 'pod install' or update your CocoaPods installation.\" >&2\n    exit 1\nfi\n# This output is used by Xcode 'outputs' to avoid re-running this script phase.\necho \"SUCCESS\" > \"${SCRIPT_OUTPUT_FILE_0}\"\n";
			showEnvVarsInLog = 0;
		};
		24560C2A828EA0A156C9FC48 /* [CP] Check Pods Manifest.lock */ = {
			isa = PBXShellScriptBuildPhase;
			buildActionMask = 2147483647;
			files = (
			);
			inputFileListPaths = (
			);
			inputPaths = (
				"${PODS_PODFILE_DIR_PATH}/Podfile.lock",
				"${PODS_ROOT}/Manifest.lock",
			);
			name = "[CP] Check Pods Manifest.lock";
			outputFileListPaths = (
			);
			outputPaths = (
				"$(DERIVED_FILE_DIR)/Pods-LoginEncryption-LoginEncryptionUITests-checkManifestLockResult.txt",
			);
			runOnlyForDeploymentPostprocessing = 0;
			shellPath = /bin/sh;
			shellScript = "diff \"${PODS_PODFILE_DIR_PATH}/Podfile.lock\" \"${PODS_ROOT}/Manifest.lock\" > /dev/null\nif [ $? != 0 ] ; then\n    # print error to STDERR\n    echo \"error: The sandbox is not in sync with the Podfile.lock. Run 'pod install' or update your CocoaPods installation.\" >&2\n    exit 1\nfi\n# This output is used by Xcode 'outputs' to avoid re-running this script phase.\necho \"SUCCESS\" > \"${SCRIPT_OUTPUT_FILE_0}\"\n";
			showEnvVarsInLog = 0;
		};
		7EF5F7BF379CEDAAF7B128FD /* [CP] Embed Pods Frameworks */ = {
			isa = PBXShellScriptBuildPhase;
			buildActionMask = 2147483647;
			files = (
			);
			inputFileListPaths = (
				"${PODS_ROOT}/Target Support Files/Pods-LoginEncryption-LoginEncryptionUITests/Pods-LoginEncryption-LoginEncryptionUITests-frameworks-${CONFIGURATION}-input-files.xcfilelist",
			);
			name = "[CP] Embed Pods Frameworks";
			outputFileListPaths = (
				"${PODS_ROOT}/Target Support Files/Pods-LoginEncryption-LoginEncryptionUITests/Pods-LoginEncryption-LoginEncryptionUITests-frameworks-${CONFIGURATION}-output-files.xcfilelist",
			);
			runOnlyForDeploymentPostprocessing = 0;
			shellPath = /bin/sh;
			shellScript = "\"${PODS_ROOT}/Target Support Files/Pods-LoginEncryption-LoginEncryptionUITests/Pods-LoginEncryption-LoginEncryptionUITests-frameworks.sh\"\n";
			showEnvVarsInLog = 0;
		};
		F1B8375DC9BC35E2B3970124 /* [CP] Embed Pods Frameworks */ = {
			isa = PBXShellScriptBuildPhase;
			buildActionMask = 2147483647;
			files = (
			);
			inputFileListPaths = (
				"${PODS_ROOT}/Target Support Files/Pods-LoginEncryption/Pods-LoginEncryption-frameworks-${CONFIGURATION}-input-files.xcfilelist",
			);
			name = "[CP] Embed Pods Frameworks";
			outputFileListPaths = (
				"${PODS_ROOT}/Target Support Files/Pods-LoginEncryption/Pods-LoginEncryption-frameworks-${CONFIGURATION}-output-files.xcfilelist",
			);
			runOnlyForDeploymentPostprocessing = 0;
			shellPath = /bin/sh;
			shellScript = "\"${PODS_ROOT}/Target Support Files/Pods-LoginEncryption/Pods-LoginEncryption-frameworks.sh\"\n";
			showEnvVarsInLog = 0;
		};
		F5C71AC63C936B3307409B94 /* [CP] Check Pods Manifest.lock */ = {
			isa = PBXShellScriptBuildPhase;
			buildActionMask = 2147483647;
			files = (
			);
			inputFileListPaths = (
			);
			inputPaths = (
				"${PODS_PODFILE_DIR_PATH}/Podfile.lock",
				"${PODS_ROOT}/Manifest.lock",
			);
			name = "[CP] Check Pods Manifest.lock";
			outputFileListPaths = (
			);
			outputPaths = (
				"$(DERIVED_FILE_DIR)/Pods-LoginEncryption-checkManifestLockResult.txt",
			);
			runOnlyForDeploymentPostprocessing = 0;
			shellPath = /bin/sh;
			shellScript = "diff \"${PODS_PODFILE_DIR_PATH}/Podfile.lock\" \"${PODS_ROOT}/Manifest.lock\" > /dev/null\nif [ $? != 0 ] ; then\n    # print error to STDERR\n    echo \"error: The sandbox is not in sync with the Podfile.lock. Run 'pod install' or update your CocoaPods installation.\" >&2\n    exit 1\nfi\n# This output is used by Xcode 'outputs' to avoid re-running this script phase.\necho \"SUCCESS\" > \"${SCRIPT_OUTPUT_FILE_0}\"\n";
			showEnvVarsInLog = 0;
		};
/* End PBXShellScriptBuildPhase section */

/* Begin PBXSourcesBuildPhase section */
		56F2AE7B2B232FDC00A3298E /* Sources */ = {
			isa = PBXSourcesBuildPhase;
			buildActionMask = 2147483647;
			files = (
				56F2AE872B232FDC00A3298E /* ViewController.swift in Sources */,
				565CED1B2B29B40D00563BD4 /* SwifyText.swift in Sources */,
				5618A1102B2772FD00FC0892 /* Utility.swift in Sources */,
				56F2AE832B232FDC00A3298E /* AppDelegate.swift in Sources */,
				5618A1402B286B9E00FC0892 /* LoginComposer.swift in Sources */,
				56F2AE852B232FDC00A3298E /* SceneDelegate.swift in Sources */,
			);
			runOnlyForDeploymentPostprocessing = 0;
		};
		56F2AE912B232FDD00A3298E /* Sources */ = {
			isa = PBXSourcesBuildPhase;
			buildActionMask = 2147483647;
			files = (
				56F2AE9A2B232FDD00A3298E /* LoginEncryptionTests.swift in Sources */,
			);
			runOnlyForDeploymentPostprocessing = 0;
		};
		56F2AE9B2B232FDD00A3298E /* Sources */ = {
			isa = PBXSourcesBuildPhase;
			buildActionMask = 2147483647;
			files = (
				56F2AEA42B232FDD00A3298E /* LoginEncryptionUITests.swift in Sources */,
				56F2AEA62B232FDD00A3298E /* LoginEncryptionUITestsLaunchTests.swift in Sources */,
			);
			runOnlyForDeploymentPostprocessing = 0;
		};
/* End PBXSourcesBuildPhase section */

/* Begin PBXTargetDependency section */
		56F2AE972B232FDD00A3298E /* PBXTargetDependency */ = {
			isa = PBXTargetDependency;
			target = 56F2AE7E2B232FDC00A3298E /* LoginEncryption */;
			targetProxy = 56F2AE962B232FDD00A3298E /* PBXContainerItemProxy */;
		};
		56F2AEA12B232FDD00A3298E /* PBXTargetDependency */ = {
			isa = PBXTargetDependency;
			target = 56F2AE7E2B232FDC00A3298E /* LoginEncryption */;
			targetProxy = 56F2AEA02B232FDD00A3298E /* PBXContainerItemProxy */;
		};
/* End PBXTargetDependency section */

/* Begin PBXVariantGroup section */
		56F2AE882B232FDC00A3298E /* Main.storyboard */ = {
			isa = PBXVariantGroup;
			children = (
				56F2AE892B232FDC00A3298E /* Base */,
			);
			name = Main.storyboard;
			sourceTree = "<group>";
		};
		56F2AE8D2B232FDC00A3298E /* LaunchScreen.storyboard */ = {
			isa = PBXVariantGroup;
			children = (
				56F2AE8E2B232FDC00A3298E /* Base */,
			);
			name = LaunchScreen.storyboard;
			sourceTree = "<group>";
		};
/* End PBXVariantGroup section */

/* Begin XCBuildConfiguration section */
		56F2AEA72B232FDD00A3298E /* Debug */ = {
			isa = XCBuildConfiguration;
			buildSettings = {
				ALWAYS_SEARCH_USER_PATHS = NO;
				CLANG_ANALYZER_NONNULL = YES;
				CLANG_ANALYZER_NUMBER_OBJECT_CONVERSION = YES_AGGRESSIVE;
				CLANG_CXX_LANGUAGE_STANDARD = "gnu++20";
				CLANG_ENABLE_MODULES = YES;
				CLANG_ENABLE_OBJC_ARC = YES;
				CLANG_ENABLE_OBJC_WEAK = YES;
				CLANG_WARN_BLOCK_CAPTURE_AUTORELEASING = YES;
				CLANG_WARN_BOOL_CONVERSION = YES;
				CLANG_WARN_COMMA = YES;
				CLANG_WARN_CONSTANT_CONVERSION = YES;
				CLANG_WARN_DEPRECATED_OBJC_IMPLEMENTATIONS = YES;
				CLANG_WARN_DIRECT_OBJC_ISA_USAGE = YES_ERROR;
				CLANG_WARN_DOCUMENTATION_COMMENTS = YES;
				CLANG_WARN_EMPTY_BODY = YES;
				CLANG_WARN_ENUM_CONVERSION = YES;
				CLANG_WARN_INFINITE_RECURSION = YES;
				CLANG_WARN_INT_CONVERSION = YES;
				CLANG_WARN_NON_LITERAL_NULL_CONVERSION = YES;
				CLANG_WARN_OBJC_IMPLICIT_RETAIN_SELF = YES;
				CLANG_WARN_OBJC_LITERAL_CONVERSION = YES;
				CLANG_WARN_OBJC_ROOT_CLASS = YES_ERROR;
				CLANG_WARN_QUOTED_INCLUDE_IN_FRAMEWORK_HEADER = YES;
				CLANG_WARN_RANGE_LOOP_ANALYSIS = YES;
				CLANG_WARN_STRICT_PROTOTYPES = YES;
				CLANG_WARN_SUSPICIOUS_MOVE = YES;
				CLANG_WARN_UNGUARDED_AVAILABILITY = YES_AGGRESSIVE;
				CLANG_WARN_UNREACHABLE_CODE = YES;
				CLANG_WARN__DUPLICATE_METHOD_MATCH = YES;
				COPY_PHASE_STRIP = NO;
				DEBUG_INFORMATION_FORMAT = dwarf;
				ENABLE_STRICT_OBJC_MSGSEND = YES;
				ENABLE_TESTABILITY = YES;
				GCC_C_LANGUAGE_STANDARD = gnu11;
				GCC_DYNAMIC_NO_PIC = NO;
				GCC_NO_COMMON_BLOCKS = YES;
				GCC_OPTIMIZATION_LEVEL = 0;
				GCC_PREPROCESSOR_DEFINITIONS = (
					"DEBUG=1",
					"$(inherited)",
				);
				GCC_WARN_64_TO_32_BIT_CONVERSION = YES;
				GCC_WARN_ABOUT_RETURN_TYPE = YES_ERROR;
				GCC_WARN_UNDECLARED_SELECTOR = YES;
				GCC_WARN_UNINITIALIZED_AUTOS = YES_AGGRESSIVE;
				GCC_WARN_UNUSED_FUNCTION = YES;
				GCC_WARN_UNUSED_VARIABLE = YES;
				IPHONEOS_DEPLOYMENT_TARGET = 16.2;
				MTL_ENABLE_DEBUG_INFO = INCLUDE_SOURCE;
				MTL_FAST_MATH = YES;
				ONLY_ACTIVE_ARCH = YES;
				SDKROOT = iphoneos;
				SWIFT_ACTIVE_COMPILATION_CONDITIONS = DEBUG;
				SWIFT_OPTIMIZATION_LEVEL = "-Onone";
			};
			name = Debug;
		};
		56F2AEA82B232FDD00A3298E /* Release */ = {
			isa = XCBuildConfiguration;
			buildSettings = {
				ALWAYS_SEARCH_USER_PATHS = NO;
				CLANG_ANALYZER_NONNULL = YES;
				CLANG_ANALYZER_NUMBER_OBJECT_CONVERSION = YES_AGGRESSIVE;
				CLANG_CXX_LANGUAGE_STANDARD = "gnu++20";
				CLANG_ENABLE_MODULES = YES;
				CLANG_ENABLE_OBJC_ARC = YES;
				CLANG_ENABLE_OBJC_WEAK = YES;
				CLANG_WARN_BLOCK_CAPTURE_AUTORELEASING = YES;
				CLANG_WARN_BOOL_CONVERSION = YES;
				CLANG_WARN_COMMA = YES;
				CLANG_WARN_CONSTANT_CONVERSION = YES;
				CLANG_WARN_DEPRECATED_OBJC_IMPLEMENTATIONS = YES;
				CLANG_WARN_DIRECT_OBJC_ISA_USAGE = YES_ERROR;
				CLANG_WARN_DOCUMENTATION_COMMENTS = YES;
				CLANG_WARN_EMPTY_BODY = YES;
				CLANG_WARN_ENUM_CONVERSION = YES;
				CLANG_WARN_INFINITE_RECURSION = YES;
				CLANG_WARN_INT_CONVERSION = YES;
				CLANG_WARN_NON_LITERAL_NULL_CONVERSION = YES;
				CLANG_WARN_OBJC_IMPLICIT_RETAIN_SELF = YES;
				CLANG_WARN_OBJC_LITERAL_CONVERSION = YES;
				CLANG_WARN_OBJC_ROOT_CLASS = YES_ERROR;
				CLANG_WARN_QUOTED_INCLUDE_IN_FRAMEWORK_HEADER = YES;
				CLANG_WARN_RANGE_LOOP_ANALYSIS = YES;
				CLANG_WARN_STRICT_PROTOTYPES = YES;
				CLANG_WARN_SUSPICIOUS_MOVE = YES;
				CLANG_WARN_UNGUARDED_AVAILABILITY = YES_AGGRESSIVE;
				CLANG_WARN_UNREACHABLE_CODE = YES;
				CLANG_WARN__DUPLICATE_METHOD_MATCH = YES;
				COPY_PHASE_STRIP = NO;
				DEBUG_INFORMATION_FORMAT = "dwarf-with-dsym";
				ENABLE_NS_ASSERTIONS = NO;
				ENABLE_STRICT_OBJC_MSGSEND = YES;
				GCC_C_LANGUAGE_STANDARD = gnu11;
				GCC_NO_COMMON_BLOCKS = YES;
				GCC_WARN_64_TO_32_BIT_CONVERSION = YES;
				GCC_WARN_ABOUT_RETURN_TYPE = YES_ERROR;
				GCC_WARN_UNDECLARED_SELECTOR = YES;
				GCC_WARN_UNINITIALIZED_AUTOS = YES_AGGRESSIVE;
				GCC_WARN_UNUSED_FUNCTION = YES;
				GCC_WARN_UNUSED_VARIABLE = YES;
				IPHONEOS_DEPLOYMENT_TARGET = 16.2;
				MTL_ENABLE_DEBUG_INFO = NO;
				MTL_FAST_MATH = YES;
				SDKROOT = iphoneos;
				SWIFT_COMPILATION_MODE = wholemodule;
				SWIFT_OPTIMIZATION_LEVEL = "-O";
				VALIDATE_PRODUCT = YES;
			};
			name = Release;
		};
		56F2AEAA2B232FDD00A3298E /* Debug */ = {
			isa = XCBuildConfiguration;
			baseConfigurationReference = 9EDD58B115FAE90314D6CC12 /* Pods-LoginEncryption.debug.xcconfig */;
			buildSettings = {
				ASSETCATALOG_COMPILER_APPICON_NAME = AppIcon;
				ASSETCATALOG_COMPILER_GLOBAL_ACCENT_COLOR_NAME = AccentColor;
				CODE_SIGN_STYLE = Automatic;
				CURRENT_PROJECT_VERSION = 1;
				FRAMEWORK_SEARCH_PATHS = (
					"$(inherited)",
					"$(PROJECT_DIR)",
				);
				GENERATE_INFOPLIST_FILE = YES;
				INFOPLIST_FILE = LoginEncryption/Info.plist;
				INFOPLIST_KEY_UIApplicationSupportsIndirectInputEvents = YES;
				INFOPLIST_KEY_UILaunchStoryboardName = LaunchScreen;
				INFOPLIST_KEY_UIMainStoryboardFile = Main;
				INFOPLIST_KEY_UISupportedInterfaceOrientations_iPad = "UIInterfaceOrientationPortrait UIInterfaceOrientationPortraitUpsideDown UIInterfaceOrientationLandscapeLeft UIInterfaceOrientationLandscapeRight";
				INFOPLIST_KEY_UISupportedInterfaceOrientations_iPhone = "UIInterfaceOrientationPortrait UIInterfaceOrientationLandscapeLeft UIInterfaceOrientationLandscapeRight";
				LD_RUNPATH_SEARCH_PATHS = (
					"$(inherited)",
					"@executable_path/Frameworks",
				);
				MARKETING_VERSION = 1.0;
				PRODUCT_BUNDLE_IDENTIFIER = com.encryption.login.LoginEncryption;
				PRODUCT_NAME = "$(TARGET_NAME)";
				SWIFT_EMIT_LOC_STRINGS = YES;
				SWIFT_VERSION = 5.0;
				TARGETED_DEVICE_FAMILY = "1,2";
			};
			name = Debug;
		};
		56F2AEAB2B232FDD00A3298E /* Release */ = {
			isa = XCBuildConfiguration;
			baseConfigurationReference = E2E4EF00BC69865F35AE9E27 /* Pods-LoginEncryption.release.xcconfig */;
			buildSettings = {
				ASSETCATALOG_COMPILER_APPICON_NAME = AppIcon;
				ASSETCATALOG_COMPILER_GLOBAL_ACCENT_COLOR_NAME = AccentColor;
				CODE_SIGN_STYLE = Automatic;
				CURRENT_PROJECT_VERSION = 1;
				FRAMEWORK_SEARCH_PATHS = (
					"$(inherited)",
					"$(PROJECT_DIR)",
				);
				GENERATE_INFOPLIST_FILE = YES;
				INFOPLIST_FILE = LoginEncryption/Info.plist;
				INFOPLIST_KEY_UIApplicationSupportsIndirectInputEvents = YES;
				INFOPLIST_KEY_UILaunchStoryboardName = LaunchScreen;
				INFOPLIST_KEY_UIMainStoryboardFile = Main;
				INFOPLIST_KEY_UISupportedInterfaceOrientations_iPad = "UIInterfaceOrientationPortrait UIInterfaceOrientationPortraitUpsideDown UIInterfaceOrientationLandscapeLeft UIInterfaceOrientationLandscapeRight";
				INFOPLIST_KEY_UISupportedInterfaceOrientations_iPhone = "UIInterfaceOrientationPortrait UIInterfaceOrientationLandscapeLeft UIInterfaceOrientationLandscapeRight";
				LD_RUNPATH_SEARCH_PATHS = (
					"$(inherited)",
					"@executable_path/Frameworks",
				);
				MARKETING_VERSION = 1.0;
				PRODUCT_BUNDLE_IDENTIFIER = com.encryption.login.LoginEncryption;
				PRODUCT_NAME = "$(TARGET_NAME)";
				SWIFT_EMIT_LOC_STRINGS = YES;
				SWIFT_VERSION = 5.0;
				TARGETED_DEVICE_FAMILY = "1,2";
			};
			name = Release;
		};
		56F2AEAD2B232FDD00A3298E /* Debug */ = {
			isa = XCBuildConfiguration;
			baseConfigurationReference = DB9D93B6378F25AC7E0CA718 /* Pods-LoginEncryptionTests.debug.xcconfig */;
			buildSettings = {
				ALWAYS_EMBED_SWIFT_STANDARD_LIBRARIES = YES;
				BUNDLE_LOADER = "$(TEST_HOST)";
				CODE_SIGN_STYLE = Automatic;
				CURRENT_PROJECT_VERSION = 1;
				GENERATE_INFOPLIST_FILE = YES;
				IPHONEOS_DEPLOYMENT_TARGET = 16.2;
				MARKETING_VERSION = 1.0;
				PRODUCT_BUNDLE_IDENTIFIER = com.encryption.login.LoginEncryptionTests;
				PRODUCT_NAME = "$(TARGET_NAME)";
				SWIFT_EMIT_LOC_STRINGS = NO;
				SWIFT_VERSION = 5.0;
				TARGETED_DEVICE_FAMILY = "1,2";
				TEST_HOST = "$(BUILT_PRODUCTS_DIR)/LoginEncryption.app/$(BUNDLE_EXECUTABLE_FOLDER_PATH)/LoginEncryption";
			};
			name = Debug;
		};
		56F2AEAE2B232FDD00A3298E /* Release */ = {
			isa = XCBuildConfiguration;
			baseConfigurationReference = A2A6C1DFB9D23F0F6555C4A7 /* Pods-LoginEncryptionTests.release.xcconfig */;
			buildSettings = {
				ALWAYS_EMBED_SWIFT_STANDARD_LIBRARIES = YES;
				BUNDLE_LOADER = "$(TEST_HOST)";
				CODE_SIGN_STYLE = Automatic;
				CURRENT_PROJECT_VERSION = 1;
				GENERATE_INFOPLIST_FILE = YES;
				IPHONEOS_DEPLOYMENT_TARGET = 16.2;
				MARKETING_VERSION = 1.0;
				PRODUCT_BUNDLE_IDENTIFIER = com.encryption.login.LoginEncryptionTests;
				PRODUCT_NAME = "$(TARGET_NAME)";
				SWIFT_EMIT_LOC_STRINGS = NO;
				SWIFT_VERSION = 5.0;
				TARGETED_DEVICE_FAMILY = "1,2";
				TEST_HOST = "$(BUILT_PRODUCTS_DIR)/LoginEncryption.app/$(BUNDLE_EXECUTABLE_FOLDER_PATH)/LoginEncryption";
			};
			name = Release;
		};
		56F2AEB02B232FDD00A3298E /* Debug */ = {
			isa = XCBuildConfiguration;
			baseConfigurationReference = 9D96AB26813F10816E4253DD /* Pods-LoginEncryption-LoginEncryptionUITests.debug.xcconfig */;
			buildSettings = {
				ALWAYS_EMBED_SWIFT_STANDARD_LIBRARIES = YES;
				CODE_SIGN_STYLE = Automatic;
				CURRENT_PROJECT_VERSION = 1;
				GENERATE_INFOPLIST_FILE = YES;
				MARKETING_VERSION = 1.0;
				PRODUCT_BUNDLE_IDENTIFIER = com.encryption.login.LoginEncryptionUITests;
				PRODUCT_NAME = "$(TARGET_NAME)";
				SWIFT_EMIT_LOC_STRINGS = NO;
				SWIFT_VERSION = 5.0;
				TARGETED_DEVICE_FAMILY = "1,2";
				TEST_TARGET_NAME = LoginEncryption;
			};
			name = Debug;
		};
		56F2AEB12B232FDD00A3298E /* Release */ = {
			isa = XCBuildConfiguration;
			baseConfigurationReference = A790D28789608A02F07419EC /* Pods-LoginEncryption-LoginEncryptionUITests.release.xcconfig */;
			buildSettings = {
				ALWAYS_EMBED_SWIFT_STANDARD_LIBRARIES = YES;
				CODE_SIGN_STYLE = Automatic;
				CURRENT_PROJECT_VERSION = 1;
				GENERATE_INFOPLIST_FILE = YES;
				MARKETING_VERSION = 1.0;
				PRODUCT_BUNDLE_IDENTIFIER = com.encryption.login.LoginEncryptionUITests;
				PRODUCT_NAME = "$(TARGET_NAME)";
				SWIFT_EMIT_LOC_STRINGS = NO;
				SWIFT_VERSION = 5.0;
				TARGETED_DEVICE_FAMILY = "1,2";
				TEST_TARGET_NAME = LoginEncryption;
			};
			name = Release;
		};
/* End XCBuildConfiguration section */

/* Begin XCConfigurationList section */
		56F2AE7A2B232FDC00A3298E /* Build configuration list for PBXProject "LoginEncryption" */ = {
			isa = XCConfigurationList;
			buildConfigurations = (
				56F2AEA72B232FDD00A3298E /* Debug */,
				56F2AEA82B232FDD00A3298E /* Release */,
			);
			defaultConfigurationIsVisible = 0;
			defaultConfigurationName = Release;
		};
		56F2AEA92B232FDD00A3298E /* Build configuration list for PBXNativeTarget "LoginEncryption" */ = {
			isa = XCConfigurationList;
			buildConfigurations = (
				56F2AEAA2B232FDD00A3298E /* Debug */,
				56F2AEAB2B232FDD00A3298E /* Release */,
			);
			defaultConfigurationIsVisible = 0;
			defaultConfigurationName = Release;
		};
		56F2AEAC2B232FDD00A3298E /* Build configuration list for PBXNativeTarget "LoginEncryptionTests" */ = {
			isa = XCConfigurationList;
			buildConfigurations = (
				56F2AEAD2B232FDD00A3298E /* Debug */,
				56F2AEAE2B232FDD00A3298E /* Release */,
			);
			defaultConfigurationIsVisible = 0;
			defaultConfigurationName = Release;
		};
		56F2AEAF2B232FDD00A3298E /* Build configuration list for PBXNativeTarget "LoginEncryptionUITests" */ = {
			isa = XCConfigurationList;
			buildConfigurations = (
				56F2AEB02B232FDD00A3298E /* Debug */,
				56F2AEB12B232FDD00A3298E /* Release */,
			);
			defaultConfigurationIsVisible = 0;
			defaultConfigurationName = Release;
		};
/* End XCConfigurationList section */
	};
	rootObject = 56F2AE772B232FDC00A3298E /* Project object */;
}
